
Microsoft Visual Studio Solution File, Format Version 12.00
# Visual Studio Version 17
VisualStudioVersion = 17.3.32929.385
MinimumVisualStudioVersion = 10.0.40219.1
Project("{FAE04EC0-301F-11D3-BF4B-00C04F79EFBC}") = "Tadas_Gliadkovskis_CA1", "Tadas_Gliadkovskis_CA1.csproj", "{364B1E88-6709-42A1-A64E-E5B6783F3276}"
EndProject
Global
	GlobalSection(SolutionConfigurationPlatforms) = preSolution
		Debug|Any CPU = Debug|Any CPU
		Release|Any CPU = Release|Any CPU
	EndGlobalSection
	GlobalSection(ProjectConfigurationPlatforms) = postSolution
		{364B1E88-6709-42A1-A64E-E5B6783F3276}.Debug|Any CPU.ActiveCfg = Debug|Any CPU
		{364B1E88-6709-42A1-A64E-E5B6783F3276}.Debug|Any CPU.Build.0 = Debug|Any CPU
		{364B1E88-6709-42A1-A64E-E5B6783F3276}.Release|Any CPU.ActiveCfg = Release|Any CPU
		{364B1E88-6709-42A1-A64E-E5B6783F3276}.Release|Any CPU.Build.0 = Release|Any CPU
	EndGlobalSection
	GlobalSection(SolutionProperties) = preSolution
		HideSolutionNode = FALSE
	EndGlobalSection
	GlobalSection(ExtensibilityGlobals) = postSolution
		SolutionGuid = {BCAFBA19-7BC6-4E2E-9093-905D004578D4}
	EndGlobalSection
EndGlobal
